
Microsoft Visual Studio Solution File, Format Version 12.00
# Visual Studio 15
VisualStudioVersion = 15.0.28307.168
MinimumVisualStudioVersion = 10.0.40219.1
Project("{FAE04EC0-301F-11D3-BF4B-00C04F79EFBC}") = "c0727128", "c0727128\c0727128.csproj", "{B08D3889-E77A-4CC3-9326-D22211F08E43}"
EndProject
Global
	GlobalSection(SolutionConfigurationPlatforms) = preSolution
		Debug|Any CPU = Debug|Any CPU
		Release|Any CPU = Release|Any CPU
	EndGlobalSection
	GlobalSection(ProjectConfigurationPlatforms) = postSolution
		{B08D3889-E77A-4CC3-9326-D22211F08E43}.Debug|Any CPU.ActiveCfg = Debug|Any CPU
		{B08D3889-E77A-4CC3-9326-D22211F08E43}.Debug|Any CPU.Build.0 = Debug|Any CPU
		{B08D3889-E77A-4CC3-9326-D22211F08E43}.Release|Any CPU.ActiveCfg = Release|Any CPU
		{B08D3889-E77A-4CC3-9326-D22211F08E43}.Release|Any CPU.Build.0 = Release|Any CPU
	EndGlobalSection
	GlobalSection(SolutionProperties) = preSolution
		HideSolutionNode = FALSE
	EndGlobalSection
	GlobalSection(ExtensibilityGlobals) = postSolution
		SolutionGuid = {AC60950A-4350-47C4-97B1-34C4233237E7}
	EndGlobalSection
EndGlobal
